{
  "version": "4",
  "specifiers": {
    "jsr:@cliffy/ansi@1.0.0-rc.7": "1.0.0-rc.7",
    "jsr:@cliffy/command@1.0.0-rc.7": "1.0.0-rc.7",
    "jsr:@cliffy/flags@1.0.0-rc.7": "1.0.0-rc.7",
    "jsr:@cliffy/internal@1.0.0-rc.7": "1.0.0-rc.7",
    "jsr:@cliffy/table@1.0.0-rc.7": "1.0.0-rc.7",
    "jsr:@std/bytes@^1.0.5": "1.0.5",
    "jsr:@std/cli@^1.0.17": "1.0.17",
    "jsr:@std/csv@^1.0.6": "1.0.6",
    "jsr:@std/encoding@^1.0.10": "1.0.10",
    "jsr:@std/encoding@^1.0.7": "1.0.7",
    "jsr:@std/encoding@~1.0.5": "1.0.7",
    "jsr:@std/fmt@^1.0.6": "1.0.6",
    "jsr:@std/fmt@^1.0.8": "1.0.8",
    "jsr:@std/fmt@~1.0.2": "1.0.6",
    "jsr:@std/fs@^1.0.17": "1.0.17",
    "jsr:@std/io@~0.225.2": "0.225.2",
    "jsr:@std/path@^1.0.9": "1.0.9",
    "jsr:@std/streams@^1.0.9": "1.0.9",
    "jsr:@std/tar@~0.1.6": "0.1.6",
    "jsr:@std/text@~1.0.7": "1.0.9",
    "jsr:@valibot/valibot@^1.1.0": "1.1.0",
    "jsr:@zip-js/zip-js@^2.7.62": "2.7.62",
    "npm:@lana-commerce/core@14.0.0-alpha.13": "14.0.0-alpha.13_preact@10.26.7_react@18.3.1_react-dom@18.3.1__react@18.3.1",
    "npm:@types/progress@2": "2.0.7",
    "npm:fuzzysort@^3.1.0": "3.1.0"
  },
  "jsr": {
    "@cliffy/ansi@1.0.0-rc.7": {
      "integrity": "f71c921cce224c13d322e5cedba4f38e8f7354c7d855c9cb22729362a53f25aa",
      "dependencies": [
        "jsr:@cliffy/internal",
        "jsr:@std/encoding@~1.0.5",
        "jsr:@std/fmt@~1.0.2"
      ]
    },
    "@cliffy/command@1.0.0-rc.7": {
      "integrity": "1288808d7a3cd18b86c24c2f920e47a6d954b7e23cadc35c8cbd78f8be41f0cd",
      "dependencies": [
        "jsr:@cliffy/flags",
        "jsr:@cliffy/internal",
        "jsr:@cliffy/table",
        "jsr:@std/fmt@~1.0.2",
        "jsr:@std/text"
      ]
    },
    "@cliffy/flags@1.0.0-rc.7": {
      "integrity": "318d9be98f6a6417b108e03dec427dea96cdd41a15beb21d2554ae6da450a781",
      "dependencies": [
        "jsr:@std/text"
      ]
    },
    "@cliffy/internal@1.0.0-rc.7": {
      "integrity": "10412636ab3e67517d448be9eaab1b70c88eba9be22617b5d146257a11cc9b17"
    },
    "@cliffy/table@1.0.0-rc.7": {
      "integrity": "9fdd9776eda28a0b397981c400eeb1aa36da2371b43eefe12e6ff555290e3180",
      "dependencies": [
        "jsr:@std/fmt@~1.0.2"
      ]
    },
    "@std/bytes@1.0.5": {
      "integrity": "4465dd739d7963d964c809202ebea6d5c6b8e3829ef25c6a224290fbb8a1021e"
    },
    "@std/cli@1.0.17": {
      "integrity": "e15b9abe629e17be90cc6216327f03a29eae613365f1353837fa749aad29ce7b"
    },
    "@std/csv@1.0.6": {
      "integrity": "52ef0e62799a0028d278fa04762f17f9bd263fad9a8e7f98c14fbd371d62d9fd",
      "dependencies": [
        "jsr:@std/streams"
      ]
    },
    "@std/encoding@1.0.6": {
      "integrity": "ca87122c196e8831737d9547acf001766618e78cd8c33920776c7f5885546069"
    },
    "@std/encoding@1.0.7": {
      "integrity": "f631247c1698fef289f2de9e2a33d571e46133b38d042905e3eac3715030a82d"
    },
    "@std/encoding@1.0.10": {
      "integrity": "8783c6384a2d13abd5e9e87a7ae0520a30e9f56aeeaa3bdf910a3eaaf5c811a1"
    },
    "@std/fmt@1.0.5": {
      "integrity": "0cfab43364bc36650d83c425cd6d99910fc20c4576631149f0f987eddede1a4d"
    },
    "@std/fmt@1.0.6": {
      "integrity": "a2c56a69a2369876ddb3ad6a500bb6501b5bad47bb3ea16bfb0c18974d2661fc"
    },
    "@std/fmt@1.0.8": {
      "integrity": "71e1fc498787e4434d213647a6e43e794af4fd393ef8f52062246e06f7e372b7"
    },
    "@std/fs@1.0.17": {
      "integrity": "1c00c632677c1158988ef7a004cb16137f870aafdb8163b9dce86ec652f3952b",
      "dependencies": [
        "jsr:@std/path"
      ]
    },
    "@std/io@0.225.2": {
      "integrity": "3c740cd4ee4c082e6cfc86458f47e2ab7cb353dc6234d5e9b1f91a2de5f4d6c7",
      "dependencies": [
        "jsr:@std/bytes"
      ]
    },
    "@std/path@1.0.9": {
      "integrity": "260a49f11edd3db93dd38350bf9cd1b4d1366afa98e81b86167b4e3dd750129e"
    },
    "@std/streams@1.0.9": {
      "integrity": "a9d26b1988cdd7aa7b1f4b51e1c36c1557f3f252880fa6cc5b9f37078b1a5035"
    },
    "@std/tar@0.1.6": {
      "integrity": "7f06a5359518262207e1c28ea965fd552dff3ba2047d2e9225339af287b1f3a4",
      "dependencies": [
        "jsr:@std/streams"
      ]
    },
    "@std/text@1.0.9": {
      "integrity": "b2db4abc3e6ab93eb0280a0d5e126fd3fca80955bcc297ccaaf555e995eab747"
    },
    "@valibot/valibot@1.1.0": {
      "integrity": "2617f02b532011b8140926899d420a3e1bbb0fcb7cdf8e7b669df89e7edd7f5f"
    },
    "@zip-js/zip-js@2.7.62": {
      "integrity": "11cbe0746fa1e52e6e0a601c89ba97365f16e38a07f139b9d9914f988aec9081"
    }
  },
  "npm": {
    "@lana-commerce/core@14.0.0-alpha.13_preact@10.26.7_react@18.3.1_react-dom@18.3.1__react@18.3.1": {
      "integrity": "sha512-hjdkXfA299q/cayo6lyriKJFG0T9REuY6Wfrii3zDxe3y3/fXyH8IPBiqgxB+foJUmNFw0rG+/CE4n0kZJip6w==",
      "dependencies": [
        "@simplewebauthn/browser",
        "component-url",
        "cookie_js",
        "cross-fetch",
        "dequal",
        "effector",
        "escape-html",
        "humanparser",
        "jwt-decode",
        "klona",
        "postmate",
        "preact",
        "react",
        "react-dom",
        "superstruct",
        "tslib"
      ]
    },
    "@simplewebauthn/browser@11.0.0": {
      "integrity": "sha512-KEGCStrl08QC2I561BzxqGiwoknblP6O1YW7jApdXLPtIqZ+vgJYAv8ssLCdm1wD8HGAHd49CJLkUF8X70x/pg==",
      "dependencies": [
        "@simplewebauthn/types"
      ]
    },
    "@simplewebauthn/types@11.0.0": {
      "integrity": "sha512-b2o0wC5u2rWts31dTgBkAtSNKGX0cvL6h8QedNsKmj8O4QoLFQFR3DBVBUlpyVEhYKA+mXGUaXbcOc4JdQ3HzA=="
    },
    "@types/node@22.5.4": {
      "integrity": "sha512-FDuKUJQm/ju9fT/SeX/6+gBzoPzlVCzfzmGkwKvRHQVxi4BntVbyIwf6a4Xn62mrvndLiml6z/UBXIdEVjQLXg==",
      "dependencies": [
        "undici-types"
      ]
    },
    "@types/progress@2.0.7": {
      "integrity": "sha512-iadjw02vte8qWx7U0YM++EybBha2CQLPGu9iJ97whVgJUT5Zq9MjAPYUnbfRI2Kpehimf1QjFJYxD0t8nqzu5w==",
      "dependencies": [
        "@types/node"
      ]
    },
    "component-url@0.2.1": {
      "integrity": "sha512-ThaWgt9+hMAsJj6FdfM+eT3Pvv5pkqgQpnxW9loVkS7tKbBtYPGgNq6c+ftxIgKt3rd04kHsiTXRyOz/Mdi14A=="
    },
    "cookie_js@1.4.2": {
      "integrity": "sha512-hET/a12Sl4L6Oix5G4ZmLY75XKnN8+zE9cGl4T3rSpWh61cCKuA1yl3Uvbdw6bRPUhhWuFQbkMhNFw0BWNgj5w=="
    },
    "cross-fetch@4.1.0": {
      "integrity": "sha512-uKm5PU+MHTootlWEY+mZ4vvXoCn4fLQxT9dSc1sXVMSFkINTJVN8cAQROpwcKm8bJ/c7rgZVIBWzH5T78sNZZw==",
      "dependencies": [
        "node-fetch"
      ]
    },
    "dequal@2.0.3": {
      "integrity": "sha512-0je+qPKHEMohvfRTCEo3CrPG6cAzAYgmzKyxRiYSSDkS6eGJdyVJm7WaYA5ECaAD9wLB2T4EEeymA5aFVcYXCA=="
    },
    "effector@22.8.8": {
      "integrity": "sha512-uqYEPt/jIZ3Y1WhpyED1XuXAJNsVM5TcWZvcyQhl6nYKRynklGiu+Fy/BnLQftmMcxZS478laAuExUPfuOGiOg=="
    },
    "escape-html@1.0.3": {
      "integrity": "sha512-NiSupZ4OeuGwr68lGIeym/ksIZMJodUGOSCZ/FSnTxcrekbvqrgdUxlJOMpijaKZVjAJrWrGs/6Jy8OMuyj9ow=="
    },
    "fuzzysort@3.1.0": {
      "integrity": "sha512-sR9BNCjBg6LNgwvxlBd0sBABvQitkLzoVY9MYYROQVX/FvfJ4Mai9LsGhDgd8qYdds0bY77VzYd5iuB+v5rwQQ=="
    },
    "humanparser@2.7.0": {
      "integrity": "sha512-SyuUACd48ey150QUZHVPMcGZwbn48naoJCN80LVA6RHZ5i7iQO9FcXvsOpqi2DEGGtymyp+SenaqaGQ3ik7dvA=="
    },
    "js-tokens@4.0.0": {
      "integrity": "sha512-RdJUflcE3cUzKiMqQgsCu06FPu9UdIJO0beYbPhHN4k6apgJtifcoCtT9bcxOpYBtpD2kCM6Sbzg4CausW/PKQ=="
    },
    "jwt-decode@3.1.2": {
      "integrity": "sha512-UfpWE/VZn0iP50d8cz9NrZLM9lSWhcJ+0Gt/nm4by88UL+J1SiKN8/5dkjMmbEzwL2CAe+67GsegCbIKtbp75A=="
    },
    "klona@2.0.6": {
      "integrity": "sha512-dhG34DXATL5hSxJbIexCft8FChFXtmskoZYnoPWjXQuebWYCNkVeV3KkGegCK9CP1oswI/vQibS2GY7Em/sJJA=="
    },
    "loose-envify@1.4.0": {
      "integrity": "sha512-lyuxPGr/Wfhrlem2CL/UcnUc1zcqKAImBDzukY7Y5F/yQiNdko6+fRLevlw1HgMySw7f611UIY408EtxRSoK3Q==",
      "dependencies": [
        "js-tokens"
      ]
    },
    "node-fetch@2.7.0": {
      "integrity": "sha512-c4FRfUm/dbcWZ7U+1Wq0AwCyFL+3nt2bEw05wfxSz+DWpWsitgmSgYmy2dQdWyKC1694ELPqMs/YzUSNozLt8A==",
      "dependencies": [
        "whatwg-url"
      ]
    },
    "postmate@1.5.2": {
      "integrity": "sha512-EHLlEmrUA/hALls49oBrtE7BzDXXjB9EiO4MZpsoO3R/jRuBmD+2WKQuYAbeuVEpTzrPpUTT79z2cz4qaFgPRg=="
    },
    "preact@10.26.7": {
      "integrity": "sha512-43xS+QYc1X1IPbw03faSgY6I6OYWcLrJRv3hU0+qMOfh/XCHcP0MX2CVjNARYR2cC/guu975sta4OcjlczxD7g=="
    },
    "react-dom@18.3.1_react@18.3.1": {
      "integrity": "sha512-5m4nQKp+rZRb09LNH59GM4BxTh9251/ylbKIbpe7TpGxfJ+9kv6BLkLBXIjjspbgbnIBNqlI23tRnTWT0snUIw==",
      "dependencies": [
        "loose-envify",
        "react",
        "scheduler"
      ]
    },
    "react@18.3.1": {
      "integrity": "sha512-wS+hAgJShR0KhEvPJArfuPVN1+Hz1t0Y6n5jLrGQbkb4urgPE/0Rve+1kMB1v/oWgHgm4WIcV+i7F2pTVj+2iQ==",
      "dependencies": [
        "loose-envify"
      ]
    },
    "scheduler@0.23.2": {
      "integrity": "sha512-UOShsPwz7NrMUqhR6t0hWjFduvOzbtv7toDH1/hIrfRNIDBnnBWd0CwJTGvTpngVlmwGCdP9/Zl/tVrDqcuYzQ==",
      "dependencies": [
        "loose-envify"
      ]
    },
    "superstruct@1.0.4": {
      "integrity": "sha512-7JpaAoX2NGyoFlI9NBh66BQXGONc+uE+MRS5i2iOBKuS4e+ccgMDjATgZldkah+33DakBxDHiss9kvUcGAO8UQ=="
    },
    "tr46@0.0.3": {
      "integrity": "sha512-N3WMsuqV66lT30CrXNbEjx4GEwlow3v6rr4mCcv6prnfwhS01rkgyFdjPNBYd9br7LpXV1+Emh01fHnq2Gdgrw=="
    },
    "tslib@2.8.1": {
      "integrity": "sha512-oJFu94HQb+KVduSUQL7wnpmqnfmLsOA/nAh6b6EH0wCEoK0/mPeXU6c3wKDV83MkOuHPRHtSXKKU99IBazS/2w=="
    },
    "undici-types@6.19.8": {
      "integrity": "sha512-ve2KP6f/JnbPBFyobGHuerC9g1FYGn/F8n1LWTwNxCEzd6IfqTwUQcNXgEtmmQ6DlRrC1hrSrBnCZPokRrDHjw=="
    },
    "webidl-conversions@3.0.1": {
      "integrity": "sha512-2JAn3z8AR6rjK8Sm8orRC0h/bcl/DqL7tRPdGZ4I1CjdF+EaMLmYxBHyXuKL849eucPFhvBoxMsflfOb8kxaeQ=="
    },
    "whatwg-url@5.0.0": {
      "integrity": "sha512-saE57nupxk6v3HY35+jzBwYa0rKSy0XR8JSxZPwgLr7ys0IBzhGviA1/TUGJLmSVqs8pb9AnvICXEuOHLprYTw==",
      "dependencies": [
        "tr46",
        "webidl-conversions"
      ]
    }
  },
  "redirects": {
    "https://deno.land/x/xdg_portable": "https://deno.land/x/xdg_portable@v10.6.0"
  },
  "remote": {
    "https://deno.land/std@0.134.0/_util/assert.ts": "e94f2eb37cebd7f199952e242c77654e43333c1ac4c5c700e929ea3aa5489f74",
    "https://deno.land/std@0.134.0/_util/os.ts": "49b92edea1e82ba295ec946de8ffd956ed123e2948d9bd1d3e901b04e4307617",
    "https://deno.land/std@0.134.0/path/_constants.ts": "df1db3ffa6dd6d1252cc9617e5d72165cd2483df90e93833e13580687b6083c3",
    "https://deno.land/std@0.134.0/path/_interface.ts": "ee3b431a336b80cf445441109d089b70d87d5e248f4f90ff906820889ecf8d09",
    "https://deno.land/std@0.134.0/path/_util.ts": "c1e9686d0164e29f7d880b2158971d805b6e0efc3110d0b3e24e4b8af2190d2b",
    "https://deno.land/std@0.134.0/path/common.ts": "bee563630abd2d97f99d83c96c2fa0cca7cee103e8cb4e7699ec4d5db7bd2633",
    "https://deno.land/std@0.134.0/path/glob.ts": "cb5255638de1048973c3e69e420c77dc04f75755524cb3b2e160fe9277d939ee",
    "https://deno.land/std@0.134.0/path/mod.ts": "4275129bb766f0e475ecc5246aa35689eeade419d72a48355203f31802640be7",
    "https://deno.land/std@0.134.0/path/posix.ts": "663e4a6fe30a145f56aa41a22d95114c4c5582d8b57d2d7c9ed27ad2c47636bb",
    "https://deno.land/std@0.134.0/path/separator.ts": "fe1816cb765a8068afb3e8f13ad272351c85cbc739af56dacfc7d93d710fe0f9",
    "https://deno.land/std@0.134.0/path/win32.ts": "e7bdf63e8d9982b4d8a01ef5689425c93310ece950e517476e22af10f41a136e",
    "https://deno.land/x/os_paths@v7.2.0/dist/esm/lib/OSPaths.js": "db4f5f05765a1c862e7b1e0f0c293fc752e94e213eabff19f3c03af9b2164f98",
    "https://deno.land/x/os_paths@v7.2.0/src/mod.deno.ts": "5e34d7c1a033665276a1a06e3957a52218bf4711a801f38cf92978aacfad5666",
    "https://deno.land/x/os_paths@v7.2.0/src/platform-adapters/_base.ts": "ca9adf679709824e070631921932620ab4dc2a39fff9706f95592d1620e34dc6",
    "https://deno.land/x/os_paths@v7.2.0/src/platform-adapters/deno.deno.ts": "d184d709522bf2703dc12ff335eb6a10d758a3a5dd4d97524d2aef9d3d448c13",
    "https://deno.land/x/xdg_portable@v10.6.0/dist/esm/lib/XDG.js": "4c04a45149d66e4ca29ea914aac137e7b0f0b6a8ef431ffc63fef46bc3747064",
    "https://deno.land/x/xdg_portable@v10.6.0/src/mod.deno.ts": "e478cc109794bfc130ec81711f9a20d594e6fad848f796c68b75dbe510683c39",
    "https://deno.land/x/xdg_portable@v10.6.0/src/platform-adapters/_base.ts": "c79a7f0e5b1d77e23cbc6c782a02958573338e9dfa644a7aa5a1f7c402ff56ef",
    "https://deno.land/x/xdg_portable@v10.6.0/src/platform-adapters/deno.deno.ts": "5f5852dc4588c10ad8fd0450421fa728741838cf5839a209d53323ccc9ed4c00"
  },
  "workspace": {
    "dependencies": [
      "jsr:@cliffy/ansi@1.0.0-rc.7",
      "jsr:@cliffy/command@1.0.0-rc.7",
      "jsr:@cliffy/table@1.0.0-rc.7",
      "jsr:@std/cli@^1.0.17",
      "jsr:@std/csv@^1.0.6",
      "jsr:@std/encoding@^1.0.10",
      "jsr:@std/fmt@^1.0.8",
      "jsr:@std/fs@^1.0.17",
      "jsr:@std/io@~0.225.2",
      "jsr:@std/path@^1.0.9",
      "jsr:@std/tar@~0.1.6",
      "jsr:@valibot/valibot@^1.1.0",
      "jsr:@zip-js/zip-js@^2.7.62",
      "npm:@lana-commerce/core@14.0.0-alpha.13",
      "npm:fuzzysort@^3.1.0"
    ]
  }
}
